// !$*UTF8*$!
{
	archiveVersion = 1;
	classes = {
	};
	objectVersion = 46;
	objects = {

/* Begin PBXBuildFile section */
		95D242191E1E917800BAF39A /* AppDelegate.swift in Sources */ = {isa = PBXBuildFile; fileRef = 95D242181E1E917800BAF39A /* AppDelegate.swift */; };
		95D2421B1E1E917800BAF39A /* ViewController.swift in Sources */ = {isa = PBXBuildFile; fileRef = 95D2421A1E1E917800BAF39A /* ViewController.swift */; };
		95D2421E1E1E917800BAF39A /* Main.storyboard in Resources */ = {isa = PBXBuildFile; fileRef = 95D2421C1E1E917800BAF39A /* Main.storyboard */; };
		95D242201E1E917800BAF39A /* Assets.xcassets in Resources */ = {isa = PBXBuildFile; fileRef = 95D2421F1E1E917800BAF39A /* Assets.xcassets */; };
		95D242231E1E917800BAF39A /* LaunchScreen.storyboard in Resources */ = {isa = PBXBuildFile; fileRef = 95D242211E1E917800BAF39A /* LaunchScreen.storyboard */; };
		95D2422E1E1E917800BAF39A /* MiraclePillTests.swift in Sources */ = {isa = PBXBuildFile; fileRef = 95D2422D1E1E917800BAF39A /* MiraclePillTests.swift */; };
		95D242391E1E917800BAF39A /* MiraclePillUITests.swift in Sources */ = {isa = PBXBuildFile; fileRef = 95D242381E1E917800BAF39A /* MiraclePillUITests.swift */; };
/* End PBXBuildFile section */

/* Begin PBXContainerItemProxy section */
		95D2422A1E1E917800BAF39A /* PBXContainerItemProxy */ = {
			isa = PBXContainerItemProxy;
			containerPortal = 95D2420D1E1E917800BAF39A /* Project object */;
			proxyType = 1;
			remoteGlobalIDString = 95D242141E1E917800BAF39A;
			remoteInfo = MiraclePill;
		};
		95D242351E1E917800BAF39A /* PBXContainerItemProxy */ = {
			isa = PBXContainerItemProxy;
			containerPortal = 95D2420D1E1E917800BAF39A /* Project object */;
			proxyType = 1;
			remoteGlobalIDString = 95D242141E1E917800BAF39A;
			remoteInfo = MiraclePill;
		};
/* End PBXContainerItemProxy section */

/* Begin PBXFileReference section */
		95D242151E1E917800BAF39A /* MiraclePill.app */ = {isa = PBXFileReference; explicitFileType = wrapper.application; includeInIndex = 0; path = MiraclePill.app; sourceTree = BUILT_PRODUCTS_DIR; };
		95D242181E1E917800BAF39A /* AppDelegate.swift */ = {isa = PBXFileReference; lastKnownFileType = sourcecode.swift; path = AppDelegate.swift; sourceTree = "<group>"; };
		95D2421A1E1E917800BAF39A /* ViewController.swift */ = {isa = PBXFileReference; lastKnownFileType = sourcecode.swift; path = ViewController.swift; sourceTree = "<group>"; };
		95D2421D1E1E917800BAF39A /* Base */ = {isa = PBXFileReference; lastKnownFileType = file.storyboard; name = Base; path = Base.lproj/Main.storyboard; sourceTree = "<group>"; };
		95D2421F1E1E917800BAF39A /* Assets.xcassets */ = {isa = PBXFileReference; lastKnownFileType = folder.assetcatalog; path = Assets.xcassets; sourceTree = "<group>"; };
		95D242221E1E917800BAF39A /* Base */ = {isa = PBXFileReference; lastKnownFileType = file.storyboard; name = Base; path = Base.lproj/LaunchScreen.storyboard; sourceTree = "<group>"; };
		95D242241E1E917800BAF39A /* Info.plist */ = {isa = PBXFileReference; lastKnownFileType = text.plist.xml; path = Info.plist; sourceTree = "<group>"; };
		95D242291E1E917800BAF39A /* MiraclePillTests.xctest */ = {isa = PBXFileReference; explicitFileType = wrapper.cfbundle; includeInIndex = 0; path = MiraclePillTests.xctest; sourceTree = BUILT_PRODUCTS_DIR; };
		95D2422D1E1E917800BAF39A /* MiraclePillTests.swift */ = {isa = PBXFileReference; lastKnownFileType = sourcecode.swift; path = MiraclePillTests.swift; sourceTree = "<group>"; };
		95D2422F1E1E917800BAF39A /* Info.plist */ = {isa = PBXFileReference; lastKnownFileType = text.plist.xml; path = Info.plist; sourceTree = "<group>"; };
		95D242341E1E917800BAF39A /* MiraclePillUITests.xctest */ = {isa = PBXFileReference; explicitFileType = wrapper.cfbundle; includeInIndex = 0; path = MiraclePillUITests.xctest; sourceTree = BUILT_PRODUCTS_DIR; };
		95D242381E1E917800BAF39A /* MiraclePillUITests.swift */ = {isa = PBXFileReference; lastKnownFileType = sourcecode.swift; path = MiraclePillUITests.swift; sourceTree = "<group>"; };
		95D2423A1E1E917800BAF39A /* Info.plist */ = {isa = PBXFileReference; lastKnownFileType = text.plist.xml; path = Info.plist; sourceTree = "<group>"; };
/* End PBXFileReference section */

/* Begin PBXFrameworksBuildPhase section */
		95D242121E1E917800BAF39A /* Frameworks */ = {
			isa = PBXFrameworksBuildPhase;
			buildActionMask = 2147483647;
			files = (
			);
			runOnlyForDeploymentPostprocessing = 0;
		};
		95D242261E1E917800BAF39A /* Frameworks */ = {
			isa = PBXFrameworksBuildPhase;
			buildActionMask = 2147483647;
			files = (
			);
			runOnlyForDeploymentPostprocessing = 0;
		};
		95D242311E1E917800BAF39A /* Frameworks */ = {
			isa = PBXFrameworksBuildPhase;
			buildActionMask = 2147483647;
			files = (
			);
			runOnlyForDeploymentPostprocessing = 0;
		};
/* End PBXFrameworksBuildPhase section */

/* Begin PBXGroup section */
		95D2420C1E1E917800BAF39A = {
			isa = PBXGroup;
			children = (
				95D242171E1E917800BAF39A /* MiraclePill */,
				95D2422C1E1E917800BAF39A /* MiraclePillTests */,
				95D242371E1E917800BAF39A /* MiraclePillUITests */,
				95D242161E1E917800BAF39A /* Products */,
			);
			sourceTree = "<group>";
		};
		95D242161E1E917800BAF39A /* Products */ = {
			isa = PBXGroup;
			children = (
				95D242151E1E917800BAF39A /* MiraclePill.app */,
				95D242291E1E917800BAF39A /* MiraclePillTests.xctest */,
				95D242341E1E917800BAF39A /* MiraclePillUITests.xctest */,
			);
			name = Products;
			sourceTree = "<group>";
		};
		95D242171E1E917800BAF39A /* MiraclePill */ = {
			isa = PBXGroup;
			children = (
				95D242181E1E917800BAF39A /* AppDelegate.swift */,
				95D2421A1E1E917800BAF39A /* ViewController.swift */,
				95D2421C1E1E917800BAF39A /* Main.storyboard */,
				95D2421F1E1E917800BAF39A /* Assets.xcassets */,
				95D242211E1E917800BAF39A /* LaunchScreen.storyboard */,
				95D242241E1E917800BAF39A /* Info.plist */,
			);
			path = MiraclePill;
			sourceTree = "<group>";
		};
		95D2422C1E1E917800BAF39A /* MiraclePillTests */ = {
			isa = PBXGroup;
			children = (
				95D2422D1E1E917800BAF39A /* MiraclePillTests.swift */,
				95D2422F1E1E917800BAF39A /* Info.plist */,
			);
			path = MiraclePillTests;
			sourceTree = "<group>";
		};
		95D242371E1E917800BAF39A /* MiraclePillUITests */ = {
			isa = PBXGroup;
			children = (
				95D242381E1E917800BAF39A /* MiraclePillUITests.swift */,
				95D2423A1E1E917800BAF39A /* Info.plist */,
			);
			path = MiraclePillUITests;
			sourceTree = "<group>";
		};
/* End PBXGroup section */

/* Begin PBXNativeTarget section */
		95D242141E1E917800BAF39A /* MiraclePill */ = {
			isa = PBXNativeTarget;
			buildConfigurationList = 95D2423D1E1E917800BAF39A /* Build configuration list for PBXNativeTarget "MiraclePill" */;
			buildPhases = (
				95D242111E1E917800BAF39A /* Sources */,
				95D242121E1E917800BAF39A /* Frameworks */,
				95D242131E1E917800BAF39A /* Resources */,
			);
			buildRules = (
			);
			dependencies = (
			);
			name = MiraclePill;
			productName = MiraclePill;
			productReference = 95D242151E1E917800BAF39A /* MiraclePill.app */;
			productType = "com.apple.product-type.application";
		};
		95D242281E1E917800BAF39A /* MiraclePillTests */ = {
			isa = PBXNativeTarget;
			buildConfigurationList = 95D242401E1E917800BAF39A /* Build configuration list for PBXNativeTarget "MiraclePillTests" */;
			buildPhases = (
				95D242251E1E917800BAF39A /* Sources */,
				95D242261E1E917800BAF39A /* Frameworks */,
				95D242271E1E917800BAF39A /* Resources */,
			);
			buildRules = (
			);
			dependencies = (
				95D2422B1E1E917800BAF39A /* PBXTargetDependency */,
			);
			name = MiraclePillTests;
			productName = MiraclePillTests;
			productReference = 95D242291E1E917800BAF39A /* MiraclePillTests.xctest */;
			productType = "com.apple.product-type.bundle.unit-test";
		};
		95D242331E1E917800BAF39A /* MiraclePillUITests */ = {
			isa = PBXNativeTarget;
			buildConfigurationList = 95D242431E1E917800BAF39A /* Build configuration list for PBXNativeTarget "MiraclePillUITests" */;
			buildPhases = (
				95D242301E1E917800BAF39A /* Sources */,
				95D242311E1E917800BAF39A /* Frameworks */,
				95D242321E1E917800BAF39A /* Resources */,
			);
			buildRules = (
			);
			dependencies = (
				95D242361E1E917800BAF39A /* PBXTargetDependency */,
			);
			name = MiraclePillUITests;
			productName = MiraclePillUITests;
			productReference = 95D242341E1E917800BAF39A /* MiraclePillUITests.xctest */;
			productType = "com.apple.product-type.bundle.ui-testing";
		};
/* End PBXNativeTarget section */

/* Begin PBXProject section */
		95D2420D1E1E917800BAF39A /* Project object */ = {
			isa = PBXProject;
			attributes = {
				LastSwiftUpdateCheck = 0820;
				LastUpgradeCheck = 0820;
				ORGANIZATIONNAME = ZED;
				TargetAttributes = {
					95D242141E1E917800BAF39A = {
						CreatedOnToolsVersion = 8.2.1;
						ProvisioningStyle = Automatic;
					};
					95D242281E1E917800BAF39A = {
						CreatedOnToolsVersion = 8.2.1;
						ProvisioningStyle = Automatic;
						TestTargetID = 95D242141E1E917800BAF39A;
					};
					95D242331E1E917800BAF39A = {
						CreatedOnToolsVersion = 8.2.1;
						ProvisioningStyle = Automatic;
						TestTargetID = 95D242141E1E917800BAF39A;
					};
				};
			};
			buildConfigurationList = 95D242101E1E917800BAF39A /* Build configuration list for PBXProject "MiraclePill" */;
			compatibilityVersion = "Xcode 3.2";
			developmentRegion = English;
			hasScannedForEncodings = 0;
			knownRegions = (
				en,
				Base,
			);
			mainGroup = 95D2420C1E1E917800BAF39A;
			productRefGroup = 95D242161E1E917800BAF39A /* Products */;
			projectDirPath = "";
			projectRoot = "";
			targets = (
				95D242141E1E917800BAF39A /* MiraclePill */,
				95D242281E1E917800BAF39A /* MiraclePillTests */,
				95D242331E1E917800BAF39A /* MiraclePillUITests */,
			);
		};
/* End PBXProject section */

/* Begin PBXResourcesBuildPhase section */
		95D242131E1E917800BAF39A /* Resources */ = {
			isa = PBXResourcesBuildPhase;
			buildActionMask = 2147483647;
			files = (
				95D242231E1E917800BAF39A /* LaunchScreen.storyboard in Resources */,
				95D242201E1E917800BAF39A /* Assets.xcassets in Resources */,
				95D2421E1E1E917800BAF39A /* Main.storyboard in Resources */,
			);
			runOnlyForDeploymentPostprocessing = 0;
		};
		95D242271E1E917800BAF39A /* Resources */ = {
			isa = PBXResourcesBuildPhase;
			buildActionMask = 2147483647;
			files = (
			);
			runOnlyForDeploymentPostprocessing = 0;
		};
		95D242321E1E917800BAF39A /* Resources */ = {
			isa = PBXResourcesBuildPhase;
			buildActionMask = 2147483647;
			files = (
			);
			runOnlyForDeploymentPostprocessing = 0;
		};
/* End PBXResourcesBuildPhase section */

/* Begin PBXSourcesBuildPhase section */
		95D242111E1E917800BAF39A /* Sources */ = {
			isa = PBXSourcesBuildPhase;
			buildActionMask = 2147483647;
			files = (
				95D2421B1E1E917800BAF39A /* ViewController.swift in Sources */,
				95D242191E1E917800BAF39A /* AppDelegate.swift in Sources */,
			);
			runOnlyForDeploymentPostprocessing = 0;
		};
		95D242251E1E917800BAF39A /* Sources */ = {
			isa = PBXSourcesBuildPhase;
			buildActionMask = 2147483647;
			files = (
				95D2422E1E1E917800BAF39A /* MiraclePillTests.swift in Sources */,
			);
			runOnlyForDeploymentPostprocessing = 0;
		};
		95D242301E1E917800BAF39A /* Sources */ = {
			isa = PBXSourcesBuildPhase;
			buildActionMask = 2147483647;
			files = (
				95D242391E1E917800BAF39A /* MiraclePillUITests.swift in Sources */,
			);
			runOnlyForDeploymentPostprocessing = 0;
		};
/* End PBXSourcesBuildPhase section */

/* Begin PBXTargetDependency section */
		95D2422B1E1E917800BAF39A /* PBXTargetDependency */ = {
			isa = PBXTargetDependency;
			target = 95D242141E1E917800BAF39A /* MiraclePill */;
			targetProxy = 95D2422A1E1E917800BAF39A /* PBXContainerItemProxy */;
		};
		95D242361E1E917800BAF39A /* PBXTargetDependency */ = {
			isa = PBXTargetDependency;
			target = 95D242141E1E917800BAF39A /* MiraclePill */;
			targetProxy = 95D242351E1E917800BAF39A /* PBXContainerItemProxy */;
		};
/* End PBXTargetDependency section */

/* Begin PBXVariantGroup section */
		95D2421C1E1E917800BAF39A /* Main.storyboard */ = {
			isa = PBXVariantGroup;
			children = (
				95D2421D1E1E917800BAF39A /* Base */,
			);
			name = Main.storyboard;
			sourceTree = "<group>";
		};
		95D242211E1E917800BAF39A /* LaunchScreen.storyboard */ = {
			isa = PBXVariantGroup;
			children = (
				95D242221E1E917800BAF39A /* Base */,
			);
			name = LaunchScreen.storyboard;
			sourceTree = "<group>";
		};
/* End PBXVariantGroup section */

/* Begin XCBuildConfiguration section */
		95D2423B1E1E917800BAF39A /* Debug */ = {
			isa = XCBuildConfiguration;
			buildSettings = {
				ALWAYS_SEARCH_USER_PATHS = NO;
				CLANG_ANALYZER_NONNULL = YES;
				CLANG_CXX_LANGUAGE_STANDARD = "gnu++0x";
				CLANG_CXX_LIBRARY = "libc++";
				CLANG_ENABLE_MODULES = YES;
				CLANG_ENABLE_OBJC_ARC = YES;
				CLANG_WARN_BOOL_CONVERSION = YES;
				CLANG_WARN_CONSTANT_CONVERSION = YES;
				CLANG_WARN_DIRECT_OBJC_ISA_USAGE = YES_ERROR;
				CLANG_WARN_DOCUMENTATION_COMMENTS = YES;
				CLANG_WARN_EMPTY_BODY = YES;
				CLANG_WARN_ENUM_CONVERSION = YES;
				CLANG_WARN_INFINITE_RECURSION = YES;
				CLANG_WARN_INT_CONVERSION = YES;
				CLANG_WARN_OBJC_ROOT_CLASS = YES_ERROR;
				CLANG_WARN_SUSPICIOUS_MOVE = YES;
				CLANG_WARN_UNREACHABLE_CODE = YES;
				CLANG_WARN__DUPLICATE_METHOD_MATCH = YES;
				"CODE_SIGN_IDENTITY[sdk=iphoneos*]" = "iPhone Developer";
				COPY_PHASE_STRIP = NO;
				DEBUG_INFORMATION_FORMAT = dwarf;
				ENABLE_STRICT_OBJC_MSGSEND = YES;
				ENABLE_TESTABILITY = YES;
				GCC_C_LANGUAGE_STANDARD = gnu99;
				GCC_DYNAMIC_NO_PIC = NO;
				GCC_NO_COMMON_BLOCKS = YES;
				GCC_OPTIMIZATION_LEVEL = 0;
				GCC_PREPROCESSOR_DEFINITIONS = (
					"DEBUG=1",
					"$(inherited)",
				);
				GCC_WARN_64_TO_32_BIT_CONVERSION = YES;
				GCC_WARN_ABOUT_RETURN_TYPE = YES_ERROR;
				GCC_WARN_UNDECLARED_SELECTOR = YES;
				GCC_WARN_UNINITIALIZED_AUTOS = YES_AGGRESSIVE;
				GCC_WARN_UNUSED_FUNCTION = YES;
				GCC_WARN_UNUSED_VARIABLE = YES;
				IPHONEOS_DEPLOYMENT_TARGET = 10.2;
				MTL_ENABLE_DEBUG_INFO = YES;
				ONLY_ACTIVE_ARCH = YES;
				SDKROOT = iphoneos;
				SWIFT_ACTIVE_COMPILATION_CONDITIONS = DEBUG;
				SWIFT_OPTIMIZATION_LEVEL = "-Onone";
				TARGETED_DEVICE_FAMILY = "1,2";
			};
			name = Debug;
		};
		95D2423C1E1E917800BAF39A /* Release */ = {
			isa = XCBuildConfiguration;
			buildSettings = {
				ALWAYS_SEARCH_USER_PATHS = NO;
				CLANG_ANALYZER_NONNULL = YES;
				CLANG_CXX_LANGUAGE_STANDARD = "gnu++0x";
				CLANG_CXX_LIBRARY = "libc++";
				CLANG_ENABLE_MODULES = YES;
				CLANG_ENABLE_OBJC_ARC = YES;
				CLANG_WARN_BOOL_CONVERSION = YES;
				CLANG_WARN_CONSTANT_CONVERSION = YES;
				CLANG_WARN_DIRECT_OBJC_ISA_USAGE = YES_ERROR;
				CLANG_WARN_DOCUMENTATION_COMMENTS = YES;
				CLANG_WARN_EMPTY_BODY = YES;
				CLANG_WARN_ENUM_CONVERSION = YES;
				CLANG_WARN_INFINITE_RECURSION = YES;
				CLANG_WARN_INT_CONVERSION = YES;
				CLANG_WARN_OBJC_ROOT_CLASS = YES_ERROR;
				CLANG_WARN_SUSPICIOUS_MOVE = YES;
				CLANG_WARN_UNREACHABLE_CODE = YES;
				CLANG_WARN__DUPLICATE_METHOD_MATCH = YES;
				"CODE_SIGN_IDENTITY[sdk=iphoneos*]" = "iPhone Developer";
				COPY_PHASE_STRIP = NO;
				DEBUG_INFORMATION_FORMAT = "dwarf-with-dsym";
				ENABLE_NS_ASSERTIONS = NO;
				ENABLE_STRICT_OBJC_MSGSEND = YES;
				GCC_C_LANGUAGE_STANDARD = gnu99;
				GCC_NO_COMMON_BLOCKS = YES;
				GCC_WARN_64_TO_32_BIT_CONVERSION = YES;
				GCC_WARN_ABOUT_RETURN_TYPE = YES_ERROR;
				GCC_WARN_UNDECLARED_SELECTOR = YES;
				GCC_WARN_UNINITIALIZED_AUTOS = YES_AGGRESSIVE;
				GCC_WARN_UNUSED_FUNCTION = YES;
				GCC_WARN_UNUSED_VARIABLE = YES;
				IPHONEOS_DEPLOYMENT_TARGET = 10.2;
				MTL_ENABLE_DEBUG_INFO = NO;
				SDKROOT = iphoneos;
				SWIFT_OPTIMIZATION_LEVEL = "-Owholemodule";
				TARGETED_DEVICE_FAMILY = "1,2";
				VALIDATE_PRODUCT = YES;
			};
			name = Release;
		};
		95D2423E1E1E917800BAF39A /* Debug */ = {
			isa = XCBuildConfiguration;
			buildSettings = {
				ASSETCATALOG_COMPILER_APPICON_NAME = AppIcon;
				INFOPLIST_FILE = MiraclePill/Info.plist;
				IPHONEOS_DEPLOYMENT_TARGET = 10.2;
				LD_RUNPATH_SEARCH_PATHS = "$(inherited) @executable_path/Frameworks";
				PRODUCT_BUNDLE_IDENTIFIER = ZED.MiraclePill;
				PRODUCT_NAME = "$(TARGET_NAME)";
				SWIFT_VERSION = 3.0;
			};
			name = Debug;
		};
		95D2423F1E1E917800BAF39A /* Release */ = {
			isa = XCBuildConfiguration;
			buildSettings = {
				ASSETCATALOG_COMPILER_APPICON_NAME = AppIcon;
				INFOPLIST_FILE = MiraclePill/Info.plist;
				IPHONEOS_DEPLOYMENT_TARGET = 10.2;
				LD_RUNPATH_SEARCH_PATHS = "$(inherited) @executable_path/Frameworks";
				PRODUCT_BUNDLE_IDENTIFIER = ZED.MiraclePill;
				PRODUCT_NAME = "$(TARGET_NAME)";
				SWIFT_VERSION = 3.0;
			};
			name = Release;
		};
		95D242411E1E917800BAF39A /* Debug */ = {
			isa = XCBuildConfiguration;
			buildSettings = {
				ALWAYS_EMBED_SWIFT_STANDARD_LIBRARIES = YES;
				BUNDLE_LOADER = "$(TEST_HOST)";
				INFOPLIST_FILE = MiraclePillTests/Info.plist;
				LD_RUNPATH_SEARCH_PATHS = "$(inherited) @executable_path/Frameworks @loader_path/Frameworks";
				PRODUCT_BUNDLE_IDENTIFIER = ZED.MiraclePillTests;
				PRODUCT_NAME = "$(TARGET_NAME)";
				SWIFT_VERSION = 3.0;
				TEST_HOST = "$(BUILT_PRODUCTS_DIR)/MiraclePill.app/MiraclePill";
			};
			name = Debug;
		};
		95D242421E1E917800BAF39A /* Release */ = {
			isa = XCBuildConfiguration;
			buildSettings = {
				ALWAYS_EMBED_SWIFT_STANDARD_LIBRARIES = YES;
				BUNDLE_LOADER = "$(TEST_HOST)";
				INFOPLIST_FILE = MiraclePillTests/Info.plist;
				LD_RUNPATH_SEARCH_PATHS = "$(inherited) @executable_path/Frameworks @loader_path/Frameworks";
				PRODUCT_BUNDLE_IDENTIFIER = ZED.MiraclePillTests;
				PRODUCT_NAME = "$(TARGET_NAME)";
				SWIFT_VERSION = 3.0;
				TEST_HOST = "$(BUILT_PRODUCTS_DIR)/MiraclePill.app/MiraclePill";
			};
			name = Release;
		};
		95D242441E1E917800BAF39A /* Debug */ = {
			isa = XCBuildConfiguration;
			buildSettings = {
				ALWAYS_EMBED_SWIFT_STANDARD_LIBRARIES = YES;
				INFOPLIST_FILE = MiraclePillUITests/Info.plist;
				LD_RUNPATH_SEARCH_PATHS = "$(inherited) @executable_path/Frameworks @loader_path/Frameworks";
				PRODUCT_BUNDLE_IDENTIFIER = ZED.MiraclePillUITests;
				PRODUCT_NAME = "$(TARGET_NAME)";
				SWIFT_VERSION = 3.0;
				TEST_TARGET_NAME = MiraclePill;
			};
			name = Debug;
		};
		95D242451E1E917800BAF39A /* Release */ = {
			isa = XCBuildConfiguration;
			buildSettings = {
				ALWAYS_EMBED_SWIFT_STANDARD_LIBRARIES = YES;
				INFOPLIST_FILE = MiraclePillUITests/Info.plist;
				LD_RUNPATH_SEARCH_PATHS = "$(inherited) @executable_path/Frameworks @loader_path/Frameworks";
				PRODUCT_BUNDLE_IDENTIFIER = ZED.MiraclePillUITests;
				PRODUCT_NAME = "$(TARGET_NAME)";
				SWIFT_VERSION = 3.0;
				TEST_TARGET_NAME = MiraclePill;
			};
			name = Release;
		};
/* End XCBuildConfiguration section */

/* Begin XCConfigurationList section */
		95D242101E1E917800BAF39A /* Build configuration list for PBXProject "MiraclePill" */ = {
			isa = XCConfigurationList;
			buildConfigurations = (
				95D2423B1E1E917800BAF39A /* Debug */,
				95D2423C1E1E917800BAF39A /* Release */,
			);
			defaultConfigurationIsVisible = 0;
			defaultConfigurationName = Release;
		};
		95D2423D1E1E917800BAF39A /* Build configuration list for PBXNativeTarget "MiraclePill" */ = {
			isa = XCConfigurationList;
			buildConfigurations = (
				95D2423E1E1E917800BAF39A /* Debug */,
				95D2423F1E1E917800BAF39A /* Release */,
			);
			defaultConfigurationIsVisible = 0;
			defaultConfigurationName = Release;
		};
		95D242401E1E917800BAF39A /* Build configuration list for PBXNativeTarget "MiraclePillTests" */ = {
			isa = XCConfigurationList;
			buildConfigurations = (
				95D242411E1E917800BAF39A /* Debug */,
				95D242421E1E917800BAF39A /* Release */,
			);
			defaultConfigurationIsVisible = 0;
			defaultConfigurationName = Release;
		};
		95D242431E1E917800BAF39A /* Build configuration list for PBXNativeTarget "MiraclePillUITests" */ = {
			isa = XCConfigurationList;
			buildConfigurations = (
				95D242441E1E917800BAF39A /* Debug */,
				95D242451E1E917800BAF39A /* Release */,
			);
			defaultConfigurationIsVisible = 0;
			defaultConfigurationName = Release;
		};
/* End XCConfigurationList section */
	};
	rootObject = 95D2420D1E1E917800BAF39A /* Project object */;
}
